
Microsoft Visual Studio Solution File, Format Version 12.00
# Visual Studio Version 16
VisualStudioVersion = 16.0.29318.209
MinimumVisualStudioVersion = 10.0.40219.1
Project("{8BC9CEB8-8B4A-11D0-8D11-00A0C91BC942}") = "Mew", "Mew.vcxproj", "{11D80D50-6845-43EE-898D-A15712331937}"
EndProject
Global
	GlobalSection(SolutionConfigurationPlatforms) = preSolution
		Debug|x64 = Debug|x64
		Debug|x86 = Debug|x86
		Release|x64 = Release|x64
		Release|x86 = Release|x86
	EndGlobalSection
	GlobalSection(ProjectConfigurationPlatforms) = postSolution
		{11D80D50-6845-43EE-898D-A15712331937}.Debug|x64.ActiveCfg = Debug|x64
		{11D80D50-6845-43EE-898D-A15712331937}.Debug|x64.Build.0 = Debug|x64
		{11D80D50-6845-43EE-898D-A15712331937}.Debug|x86.ActiveCfg = Debug|Win32
		{11D80D50-6845-43EE-898D-A15712331937}.Debug|x86.Build.0 = Debug|Win32
		{11D80D50-6845-43EE-898D-A15712331937}.Release|x64.ActiveCfg = Release|x64
		{11D80D50-6845-43EE-898D-A15712331937}.Release|x64.Build.0 = Release|x64
		{11D80D50-6845-43EE-898D-A15712331937}.Release|x86.ActiveCfg = Release|Win32
		{11D80D50-6845-43EE-898D-A15712331937}.Release|x86.Build.0 = Release|Win32
	EndGlobalSection
	GlobalSection(SolutionProperties) = preSolution
		HideSolutionNode = FALSE
	EndGlobalSection
	GlobalSection(ExtensibilityGlobals) = postSolution
		SolutionGuid = {1424D8A6-0EA7-4826-B80A-FF6D7BF56D28}
	EndGlobalSection
EndGlobal
